// !$*UTF8*$!
{
	archiveVersion = 1;
	classes = {
	};
	objectVersion = 56;
	objects = {

/* Begin PBXBuildFile section */
		0894EAF2C0D7553F744BD94C /* Pods_MovieApp.framework in Frameworks */ = {isa = PBXBuildFile; fileRef = 8495378AB57E3A05FF748F13 /* Pods_MovieApp.framework */; };
		3413B4222B00DA42009ECDFB /* Utility.swift in Sources */ = {isa = PBXBuildFile; fileRef = 3413B4212B00DA42009ECDFB /* Utility.swift */; };
		3413B4242B00DA4A009ECDFB /* LocalStorage.swift in Sources */ = {isa = PBXBuildFile; fileRef = 3413B4232B00DA4A009ECDFB /* LocalStorage.swift */; };
		3413B4282B00DA92009ECDFB /* MovieCell.swift in Sources */ = {isa = PBXBuildFile; fileRef = 3413B4262B00DA92009ECDFB /* MovieCell.swift */; };
		3413B4292B00DA92009ECDFB /* MovieCell.xib in Resources */ = {isa = PBXBuildFile; fileRef = 3413B4272B00DA92009ECDFB /* MovieCell.xib */; };
		3413B42D2B00FE44009ECDFB /* DetailViewController.swift in Sources */ = {isa = PBXBuildFile; fileRef = 3413B42C2B00FE44009ECDFB /* DetailViewController.swift */; };
		3413B42F2B01004D009ECDFB /* DetailResponse.swift in Sources */ = {isa = PBXBuildFile; fileRef = 3413B42E2B01004D009ECDFB /* DetailResponse.swift */; };
		3413B4312B0102C5009ECDFB /* Detail.storyboard in Resources */ = {isa = PBXBuildFile; fileRef = 3413B4302B0102C5009ECDFB /* Detail.storyboard */; };
		3413B4352B0103B5009ECDFB /* OverviewCell.swift in Sources */ = {isa = PBXBuildFile; fileRef = 3413B4332B0103B5009ECDFB /* OverviewCell.swift */; };
		3413B4362B0103B5009ECDFB /* OverviewCell.xib in Resources */ = {isa = PBXBuildFile; fileRef = 3413B4342B0103B5009ECDFB /* OverviewCell.xib */; };
		3413B4392B0103F0009ECDFB /* HeaderViewCell.swift in Sources */ = {isa = PBXBuildFile; fileRef = 3413B4372B0103F0009ECDFB /* HeaderViewCell.swift */; };
		3413B43A2B0103F0009ECDFB /* HeaderViewCell.xib in Resources */ = {isa = PBXBuildFile; fileRef = 3413B4382B0103F0009ECDFB /* HeaderViewCell.xib */; };
		3413B43D2B0105F4009ECDFB /* GenreCell.swift in Sources */ = {isa = PBXBuildFile; fileRef = 3413B43B2B0105F4009ECDFB /* GenreCell.swift */; };
		3413B43E2B0105F4009ECDFB /* GenreCell.xib in Resources */ = {isa = PBXBuildFile; fileRef = 3413B43C2B0105F4009ECDFB /* GenreCell.xib */; };
		3413B4402B01068D009ECDFB /* AlignedCollectionViewFlowLayout.swift in Sources */ = {isa = PBXBuildFile; fileRef = 3413B43F2B01068D009ECDFB /* AlignedCollectionViewFlowLayout.swift */; };
		3413B4982B01F0C6009ECDFB /* UIImageView.swift in Sources */ = {isa = PBXBuildFile; fileRef = 3413B4962B01F0C6009ECDFB /* UIImageView.swift */; };
		3413B4992B01F0C6009ECDFB /* UIViewController.swift in Sources */ = {isa = PBXBuildFile; fileRef = 3413B4972B01F0C6009ECDFB /* UIViewController.swift */; };
		342ABDBF2B00A7FC00A975A6 /* Notification+Name.swift in Sources */ = {isa = PBXBuildFile; fileRef = 342ABDBE2B00A7FC00A975A6 /* Notification+Name.swift */; };
		342ABDC52B00ABA600A975A6 /* MovieListResponse.swift in Sources */ = {isa = PBXBuildFile; fileRef = 342ABDC42B00ABA600A975A6 /* MovieListResponse.swift */; };
		342ABDC92B00AC4000A975A6 /* BaseResponse.swift in Sources */ = {isa = PBXBuildFile; fileRef = 342ABDC62B00AC4000A975A6 /* BaseResponse.swift */; };
		342ABDCA2B00AC4000A975A6 /* Movie.swift in Sources */ = {isa = PBXBuildFile; fileRef = 342ABDC72B00AC4000A975A6 /* Movie.swift */; };
		342ABDCB2B00AC4000A975A6 /* Dates.swift in Sources */ = {isa = PBXBuildFile; fileRef = 342ABDC82B00AC4000A975A6 /* Dates.swift */; };
		342ABDD72B00B7DF00A975A6 /* PageNoCell.swift in Sources */ = {isa = PBXBuildFile; fileRef = 342ABDD52B00B7DF00A975A6 /* PageNoCell.swift */; };
		342ABDD82B00B7DF00A975A6 /* PageNoCell.xib in Resources */ = {isa = PBXBuildFile; fileRef = 342ABDD62B00B7DF00A975A6 /* PageNoCell.xib */; };
		342ABDE32B00C28B00A975A6 /* BaseViewController.swift in Sources */ = {isa = PBXBuildFile; fileRef = 342ABDE22B00C28B00A975A6 /* BaseViewController.swift */; };
		34C4F0842AFE0E9500475E45 /* AppDelegate.swift in Sources */ = {isa = PBXBuildFile; fileRef = 34C4F0832AFE0E9500475E45 /* AppDelegate.swift */; };
		34C4F0862AFE0E9500475E45 /* SceneDelegate.swift in Sources */ = {isa = PBXBuildFile; fileRef = 34C4F0852AFE0E9500475E45 /* SceneDelegate.swift */; };
		34C4F0882AFE0E9500475E45 /* MovieListViewController.swift in Sources */ = {isa = PBXBuildFile; fileRef = 34C4F0872AFE0E9500475E45 /* MovieListViewController.swift */; };
		34C4F08B2AFE0E9500475E45 /* Main.storyboard in Resources */ = {isa = PBXBuildFile; fileRef = 34C4F0892AFE0E9500475E45 /* Main.storyboard */; };
		34C4F08D2AFE0E9600475E45 /* Assets.xcassets in Resources */ = {isa = PBXBuildFile; fileRef = 34C4F08C2AFE0E9600475E45 /* Assets.xcassets */; };
		34C4F0902AFE0E9600475E45 /* LaunchScreen.storyboard in Resources */ = {isa = PBXBuildFile; fileRef = 34C4F08E2AFE0E9600475E45 /* LaunchScreen.storyboard */; };
		34C6A4142AFE113300C20A8C /* NetworkService.swift in Sources */ = {isa = PBXBuildFile; fileRef = 34C6A4132AFE113200C20A8C /* NetworkService.swift */; };
		34C6A4192AFE121000C20A8C /* AppStoryboard.swift in Sources */ = {isa = PBXBuildFile; fileRef = 34C6A4182AFE121000C20A8C /* AppStoryboard.swift */; };
		34C6A41B2AFE121B00C20A8C /* Constants.swift in Sources */ = {isa = PBXBuildFile; fileRef = 34C6A41A2AFE121B00C20A8C /* Constants.swift */; };
		34C6A41E2AFE128F00C20A8C /* UIView.swift in Sources */ = {isa = PBXBuildFile; fileRef = 34C6A41D2AFE128F00C20A8C /* UIView.swift */; };
		34C6A4202AFE129500C20A8C /* UIColor.swift in Sources */ = {isa = PBXBuildFile; fileRef = 34C6A41F2AFE129500C20A8C /* UIColor.swift */; };
		34C6A4282AFE12A600C20A8C /* String.swift in Sources */ = {isa = PBXBuildFile; fileRef = 34C6A4232AFE12A600C20A8C /* String.swift */; };
		34C6A4292AFE12A600C20A8C /* UITableView.swift in Sources */ = {isa = PBXBuildFile; fileRef = 34C6A4242AFE12A600C20A8C /* UITableView.swift */; };
		34C6A42A2AFE12A600C20A8C /* UITableViewCell.swift in Sources */ = {isa = PBXBuildFile; fileRef = 34C6A4252AFE12A600C20A8C /* UITableViewCell.swift */; };
/* End PBXBuildFile section */

/* Begin PBXFileReference section */
		3413B4212B00DA42009ECDFB /* Utility.swift */ = {isa = PBXFileReference; fileEncoding = 4; lastKnownFileType = sourcecode.swift; path = Utility.swift; sourceTree = "<group>"; };
		3413B4232B00DA4A009ECDFB /* LocalStorage.swift */ = {isa = PBXFileReference; fileEncoding = 4; lastKnownFileType = sourcecode.swift; path = LocalStorage.swift; sourceTree = "<group>"; };
		3413B4262B00DA92009ECDFB /* MovieCell.swift */ = {isa = PBXFileReference; lastKnownFileType = sourcecode.swift; path = MovieCell.swift; sourceTree = "<group>"; };
		3413B4272B00DA92009ECDFB /* MovieCell.xib */ = {isa = PBXFileReference; lastKnownFileType = file.xib; path = MovieCell.xib; sourceTree = "<group>"; };
		3413B42C2B00FE44009ECDFB /* DetailViewController.swift */ = {isa = PBXFileReference; lastKnownFileType = sourcecode.swift; path = DetailViewController.swift; sourceTree = "<group>"; };
		3413B42E2B01004D009ECDFB /* DetailResponse.swift */ = {isa = PBXFileReference; lastKnownFileType = sourcecode.swift; path = DetailResponse.swift; sourceTree = "<group>"; };
		3413B4302B0102C5009ECDFB /* Detail.storyboard */ = {isa = PBXFileReference; lastKnownFileType = file.storyboard; path = Detail.storyboard; sourceTree = "<group>"; };
		3413B4332B0103B5009ECDFB /* OverviewCell.swift */ = {isa = PBXFileReference; lastKnownFileType = sourcecode.swift; path = OverviewCell.swift; sourceTree = "<group>"; };
		3413B4342B0103B5009ECDFB /* OverviewCell.xib */ = {isa = PBXFileReference; lastKnownFileType = file.xib; path = OverviewCell.xib; sourceTree = "<group>"; };
		3413B4372B0103F0009ECDFB /* HeaderViewCell.swift */ = {isa = PBXFileReference; lastKnownFileType = sourcecode.swift; path = HeaderViewCell.swift; sourceTree = "<group>"; };
		3413B4382B0103F0009ECDFB /* HeaderViewCell.xib */ = {isa = PBXFileReference; lastKnownFileType = file.xib; path = HeaderViewCell.xib; sourceTree = "<group>"; };
		3413B43B2B0105F4009ECDFB /* GenreCell.swift */ = {isa = PBXFileReference; lastKnownFileType = sourcecode.swift; path = GenreCell.swift; sourceTree = "<group>"; };
		3413B43C2B0105F4009ECDFB /* GenreCell.xib */ = {isa = PBXFileReference; lastKnownFileType = file.xib; path = GenreCell.xib; sourceTree = "<group>"; };
		3413B43F2B01068D009ECDFB /* AlignedCollectionViewFlowLayout.swift */ = {isa = PBXFileReference; fileEncoding = 4; lastKnownFileType = sourcecode.swift; path = AlignedCollectionViewFlowLayout.swift; sourceTree = "<group>"; };
		3413B4962B01F0C6009ECDFB /* UIImageView.swift */ = {isa = PBXFileReference; fileEncoding = 4; lastKnownFileType = sourcecode.swift; path = UIImageView.swift; sourceTree = "<group>"; };
		3413B4972B01F0C6009ECDFB /* UIViewController.swift */ = {isa = PBXFileReference; fileEncoding = 4; lastKnownFileType = sourcecode.swift; path = UIViewController.swift; sourceTree = "<group>"; };
		342ABDBE2B00A7FC00A975A6 /* Notification+Name.swift */ = {isa = PBXFileReference; fileEncoding = 4; lastKnownFileType = sourcecode.swift; path = "Notification+Name.swift"; sourceTree = "<group>"; };
		342ABDC42B00ABA600A975A6 /* MovieListResponse.swift */ = {isa = PBXFileReference; lastKnownFileType = sourcecode.swift; path = MovieListResponse.swift; sourceTree = "<group>"; };
		342ABDC62B00AC4000A975A6 /* BaseResponse.swift */ = {isa = PBXFileReference; fileEncoding = 4; lastKnownFileType = sourcecode.swift; path = BaseResponse.swift; sourceTree = "<group>"; };
		342ABDC72B00AC4000A975A6 /* Movie.swift */ = {isa = PBXFileReference; fileEncoding = 4; lastKnownFileType = sourcecode.swift; path = Movie.swift; sourceTree = "<group>"; };
		342ABDC82B00AC4000A975A6 /* Dates.swift */ = {isa = PBXFileReference; fileEncoding = 4; lastKnownFileType = sourcecode.swift; path = Dates.swift; sourceTree = "<group>"; };
		342ABDD52B00B7DF00A975A6 /* PageNoCell.swift */ = {isa = PBXFileReference; lastKnownFileType = sourcecode.swift; path = PageNoCell.swift; sourceTree = "<group>"; };
		342ABDD62B00B7DF00A975A6 /* PageNoCell.xib */ = {isa = PBXFileReference; lastKnownFileType = file.xib; path = PageNoCell.xib; sourceTree = "<group>"; };
		342ABDE22B00C28B00A975A6 /* BaseViewController.swift */ = {isa = PBXFileReference; fileEncoding = 4; lastKnownFileType = sourcecode.swift; path = BaseViewController.swift; sourceTree = "<group>"; };
		34C4F0802AFE0E9500475E45 /* MovieApp.app */ = {isa = PBXFileReference; explicitFileType = wrapper.application; includeInIndex = 0; path = MovieApp.app; sourceTree = BUILT_PRODUCTS_DIR; };
		34C4F0832AFE0E9500475E45 /* AppDelegate.swift */ = {isa = PBXFileReference; lastKnownFileType = sourcecode.swift; path = AppDelegate.swift; sourceTree = "<group>"; };
		34C4F0852AFE0E9500475E45 /* SceneDelegate.swift */ = {isa = PBXFileReference; lastKnownFileType = sourcecode.swift; path = SceneDelegate.swift; sourceTree = "<group>"; };
		34C4F0872AFE0E9500475E45 /* MovieListViewController.swift */ = {isa = PBXFileReference; lastKnownFileType = sourcecode.swift; path = MovieListViewController.swift; sourceTree = "<group>"; };
		34C4F08A2AFE0E9500475E45 /* Base */ = {isa = PBXFileReference; lastKnownFileType = file.storyboard; name = Base; path = Base.lproj/Main.storyboard; sourceTree = "<group>"; };
		34C4F08C2AFE0E9600475E45 /* Assets.xcassets */ = {isa = PBXFileReference; lastKnownFileType = folder.assetcatalog; path = Assets.xcassets; sourceTree = "<group>"; };
		34C4F08F2AFE0E9600475E45 /* Base */ = {isa = PBXFileReference; lastKnownFileType = file.storyboard; name = Base; path = Base.lproj/LaunchScreen.storyboard; sourceTree = "<group>"; };
		34C4F0912AFE0E9600475E45 /* Info.plist */ = {isa = PBXFileReference; lastKnownFileType = text.plist.xml; path = Info.plist; sourceTree = "<group>"; };
		34C6A4132AFE113200C20A8C /* NetworkService.swift */ = {isa = PBXFileReference; lastKnownFileType = sourcecode.swift; path = NetworkService.swift; sourceTree = "<group>"; };
		34C6A4182AFE121000C20A8C /* AppStoryboard.swift */ = {isa = PBXFileReference; fileEncoding = 4; lastKnownFileType = sourcecode.swift; path = AppStoryboard.swift; sourceTree = "<group>"; };
		34C6A41A2AFE121B00C20A8C /* Constants.swift */ = {isa = PBXFileReference; fileEncoding = 4; lastKnownFileType = sourcecode.swift; path = Constants.swift; sourceTree = "<group>"; };
		34C6A41D2AFE128F00C20A8C /* UIView.swift */ = {isa = PBXFileReference; fileEncoding = 4; lastKnownFileType = sourcecode.swift; path = UIView.swift; sourceTree = "<group>"; };
		34C6A41F2AFE129500C20A8C /* UIColor.swift */ = {isa = PBXFileReference; fileEncoding = 4; lastKnownFileType = sourcecode.swift; path = UIColor.swift; sourceTree = "<group>"; };
		34C6A4232AFE12A600C20A8C /* String.swift */ = {isa = PBXFileReference; fileEncoding = 4; lastKnownFileType = sourcecode.swift; path = String.swift; sourceTree = "<group>"; };
		34C6A4242AFE12A600C20A8C /* UITableView.swift */ = {isa = PBXFileReference; fileEncoding = 4; lastKnownFileType = sourcecode.swift; path = UITableView.swift; sourceTree = "<group>"; };
		34C6A4252AFE12A600C20A8C /* UITableViewCell.swift */ = {isa = PBXFileReference; fileEncoding = 4; lastKnownFileType = sourcecode.swift; path = UITableViewCell.swift; sourceTree = "<group>"; };
		357BB854B5AFD9299AA5F870 /* Pods-MovieApp.release.xcconfig */ = {isa = PBXFileReference; includeInIndex = 1; lastKnownFileType = text.xcconfig; name = "Pods-MovieApp.release.xcconfig"; path = "Target Support Files/Pods-MovieApp/Pods-MovieApp.release.xcconfig"; sourceTree = "<group>"; };
		843E09A83E3D7F6FD528C261 /* Pods-MovieApp.debug.xcconfig */ = {isa = PBXFileReference; includeInIndex = 1; lastKnownFileType = text.xcconfig; name = "Pods-MovieApp.debug.xcconfig"; path = "Target Support Files/Pods-MovieApp/Pods-MovieApp.debug.xcconfig"; sourceTree = "<group>"; };
		8495378AB57E3A05FF748F13 /* Pods_MovieApp.framework */ = {isa = PBXFileReference; explicitFileType = wrapper.framework; includeInIndex = 0; path = Pods_MovieApp.framework; sourceTree = BUILT_PRODUCTS_DIR; };
/* End PBXFileReference section */

/* Begin PBXFrameworksBuildPhase section */
		34C4F07D2AFE0E9500475E45 /* Frameworks */ = {
			isa = PBXFrameworksBuildPhase;
			buildActionMask = 2147483647;
			files = (
				0894EAF2C0D7553F744BD94C /* Pods_MovieApp.framework in Frameworks */,
			);
			runOnlyForDeploymentPostprocessing = 0;
		};
/* End PBXFrameworksBuildPhase section */

/* Begin PBXGroup section */
		3413B42A2B00FD8C009ECDFB /* Detail */ = {
			isa = PBXGroup;
			children = (
				3413B4422B0107C4009ECDFB /* Models */,
				3413B4322B01038B009ECDFB /* Cells  */,
				3413B42C2B00FE44009ECDFB /* DetailViewController.swift */,
			);
			path = Detail;
			sourceTree = "<group>";
		};
		3413B42B2B00FDA7009ECDFB /* MovieList */ = {
			isa = PBXGroup;
			children = (
				3413B4442B01081E009ECDFB /* Models */,
				342ABDCE2B00B6E000A975A6 /* Cells */,
				34C4F0872AFE0E9500475E45 /* MovieListViewController.swift */,
			);
			path = MovieList;
			sourceTree = "<group>";
		};
		3413B4322B01038B009ECDFB /* Cells  */ = {
			isa = PBXGroup;
			children = (
				3413B4372B0103F0009ECDFB /* HeaderViewCell.swift */,
				3413B4382B0103F0009ECDFB /* HeaderViewCell.xib */,
				3413B43B2B0105F4009ECDFB /* GenreCell.swift */,
				3413B43C2B0105F4009ECDFB /* GenreCell.xib */,
				3413B4332B0103B5009ECDFB /* OverviewCell.swift */,
				3413B4342B0103B5009ECDFB /* OverviewCell.xib */,
			);
			path = "Cells ";
			sourceTree = "<group>";
		};
		3413B4412B010692009ECDFB /* Utilities */ = {
			isa = PBXGroup;
			children = (
				3413B4212B00DA42009ECDFB /* Utility.swift */,
				3413B43F2B01068D009ECDFB /* AlignedCollectionViewFlowLayout.swift */,
				3413B4232B00DA4A009ECDFB /* LocalStorage.swift */,
			);
			path = Utilities;
			sourceTree = "<group>";
		};
		3413B4422B0107C4009ECDFB /* Models */ = {
			isa = PBXGroup;
			children = (
				3413B42E2B01004D009ECDFB /* DetailResponse.swift */,
			);
			path = Models;
			sourceTree = "<group>";
		};
		3413B4442B01081E009ECDFB /* Models */ = {
			isa = PBXGroup;
			children = (
				342ABDC42B00ABA600A975A6 /* MovieListResponse.swift */,
			);
			path = Models;
			sourceTree = "<group>";
		};
		342ABDC02B00A98D00A975A6 /* ViewControllers */ = {
			isa = PBXGroup;
			children = (
				3413B42B2B00FDA7009ECDFB /* MovieList */,
				3413B42A2B00FD8C009ECDFB /* Detail */,
			);
			path = ViewControllers;
			sourceTree = "<group>";
		};
		342ABDC12B00A9A400A975A6 /* SupportingFiles */ = {
			isa = PBXGroup;
			children = (
				34C4F08C2AFE0E9600475E45 /* Assets.xcassets */,
				34C4F0832AFE0E9500475E45 /* AppDelegate.swift */,
				34C4F0852AFE0E9500475E45 /* SceneDelegate.swift */,
			);
			path = SupportingFiles;
			sourceTree = "<group>";
		};
		342ABDC22B00A9D600A975A6 /* Storyboard */ = {
			isa = PBXGroup;
			children = (
				34C4F0892AFE0E9500475E45 /* Main.storyboard */,
				3413B4302B0102C5009ECDFB /* Detail.storyboard */,
			);
			path = Storyboard;
			sourceTree = "<group>";
		};
		342ABDCE2B00B6E000A975A6 /* Cells */ = {
			isa = PBXGroup;
			children = (
				342ABDD52B00B7DF00A975A6 /* PageNoCell.swift */,
				3413B4262B00DA92009ECDFB /* MovieCell.swift */,
				342ABDD62B00B7DF00A975A6 /* PageNoCell.xib */,
				3413B4272B00DA92009ECDFB /* MovieCell.xib */,
			);
			path = Cells;
			sourceTree = "<group>";
		};
		342ABDDF2B00C23400A975A6 /* Base */ = {
			isa = PBXGroup;
			children = (
				342ABDE22B00C28B00A975A6 /* BaseViewController.swift */,
				342ABDE02B00C25000A975A6 /* Models */,
			);
			path = Base;
			sourceTree = "<group>";
		};
		342ABDE02B00C25000A975A6 /* Models */ = {
			isa = PBXGroup;
			children = (
				342ABDC72B00AC4000A975A6 /* Movie.swift */,
				342ABDC82B00AC4000A975A6 /* Dates.swift */,
				342ABDC62B00AC4000A975A6 /* BaseResponse.swift */,
			);
			path = Models;
			sourceTree = "<group>";
		};
		34C4F0772AFE0E9500475E45 = {
			isa = PBXGroup;
			children = (
				34C4F0822AFE0E9500475E45 /* MovieApp */,
				34C4F0812AFE0E9500475E45 /* Products */,
				E75159FFB080F2696BC8C9FC /* Pods */,
				44B621F6F0463669AB490223 /* Frameworks */,
			);
			sourceTree = "<group>";
		};
		34C4F0812AFE0E9500475E45 /* Products */ = {
			isa = PBXGroup;
			children = (
				34C4F0802AFE0E9500475E45 /* MovieApp.app */,
			);
			name = Products;
			sourceTree = "<group>";
		};
		34C4F0822AFE0E9500475E45 /* MovieApp */ = {
			isa = PBXGroup;
			children = (
				34C6A41C2AFE128000C20A8C /* Extensions */,
				34C6A4172AFE120000C20A8C /* Constants */,
				3413B4412B010692009ECDFB /* Utilities */,
				342ABDDF2B00C23400A975A6 /* Base */,
				342ABDC02B00A98D00A975A6 /* ViewControllers */,
				342ABDC22B00A9D600A975A6 /* Storyboard */,
				34C6A4122AFE110E00C20A8C /* Services */,
				342ABDC12B00A9A400A975A6 /* SupportingFiles */,
				34C4F08E2AFE0E9600475E45 /* LaunchScreen.storyboard */,
				34C4F0912AFE0E9600475E45 /* Info.plist */,
			);
			path = MovieApp;
			sourceTree = "<group>";
		};
		34C6A4122AFE110E00C20A8C /* Services */ = {
			isa = PBXGroup;
			children = (
				34C6A4132AFE113200C20A8C /* NetworkService.swift */,
			);
			path = Services;
			sourceTree = "<group>";
		};
		34C6A4172AFE120000C20A8C /* Constants */ = {
			isa = PBXGroup;
			children = (
				34C6A4182AFE121000C20A8C /* AppStoryboard.swift */,
				34C6A41A2AFE121B00C20A8C /* Constants.swift */,
			);
			path = Constants;
			sourceTree = "<group>";
		};
		34C6A41C2AFE128000C20A8C /* Extensions */ = {
			isa = PBXGroup;
			children = (
				3413B4962B01F0C6009ECDFB /* UIImageView.swift */,
				3413B4972B01F0C6009ECDFB /* UIViewController.swift */,
				342ABDBE2B00A7FC00A975A6 /* Notification+Name.swift */,
				34C6A4232AFE12A600C20A8C /* String.swift */,
				34C6A4242AFE12A600C20A8C /* UITableView.swift */,
				34C6A4252AFE12A600C20A8C /* UITableViewCell.swift */,
				34C6A41D2AFE128F00C20A8C /* UIView.swift */,
				34C6A41F2AFE129500C20A8C /* UIColor.swift */,
			);
			path = Extensions;
			sourceTree = "<group>";
		};
		44B621F6F0463669AB490223 /* Frameworks */ = {
			isa = PBXGroup;
			children = (
				8495378AB57E3A05FF748F13 /* Pods_MovieApp.framework */,
			);
			name = Frameworks;
			sourceTree = "<group>";
		};
		E75159FFB080F2696BC8C9FC /* Pods */ = {
			isa = PBXGroup;
			children = (
				843E09A83E3D7F6FD528C261 /* Pods-MovieApp.debug.xcconfig */,
				357BB854B5AFD9299AA5F870 /* Pods-MovieApp.release.xcconfig */,
			);
			path = Pods;
			sourceTree = "<group>";
		};
/* End PBXGroup section */

/* Begin PBXNativeTarget section */
		34C4F07F2AFE0E9500475E45 /* MovieApp */ = {
			isa = PBXNativeTarget;
			buildConfigurationList = 34C4F0942AFE0E9600475E45 /* Build configuration list for PBXNativeTarget "MovieApp" */;
			buildPhases = (
				E208BE2318BBA3D0D40D5F19 /* [CP] Check Pods Manifest.lock */,
				34C4F07C2AFE0E9500475E45 /* Sources */,
				34C4F07D2AFE0E9500475E45 /* Frameworks */,
				34C4F07E2AFE0E9500475E45 /* Resources */,
				D8BBAAA087F96EB0D93014B6 /* [CP] Embed Pods Frameworks */,
			);
			buildRules = (
			);
			dependencies = (
			);
			name = MovieApp;
			productName = MovieApp;
			productReference = 34C4F0802AFE0E9500475E45 /* MovieApp.app */;
			productType = "com.apple.product-type.application";
		};
/* End PBXNativeTarget section */

/* Begin PBXProject section */
		34C4F0782AFE0E9500475E45 /* Project object */ = {
			isa = PBXProject;
			attributes = {
				BuildIndependentTargetsInParallel = 1;
				LastSwiftUpdateCheck = 1430;
				LastUpgradeCheck = 1430;
				TargetAttributes = {
					34C4F07F2AFE0E9500475E45 = {
						CreatedOnToolsVersion = 14.3.1;
					};
				};
			};
			buildConfigurationList = 34C4F07B2AFE0E9500475E45 /* Build configuration list for PBXProject "MovieApp" */;
			compatibilityVersion = "Xcode 14.0";
			developmentRegion = en;
			hasScannedForEncodings = 0;
			knownRegions = (
				en,
				Base,
			);
			mainGroup = 34C4F0772AFE0E9500475E45;
			productRefGroup = 34C4F0812AFE0E9500475E45 /* Products */;
			projectDirPath = "";
			projectRoot = "";
			targets = (
				34C4F07F2AFE0E9500475E45 /* MovieApp */,
			);
		};
/* End PBXProject section */

/* Begin PBXResourcesBuildPhase section */
		34C4F07E2AFE0E9500475E45 /* Resources */ = {
			isa = PBXResourcesBuildPhase;
			buildActionMask = 2147483647;
			files = (
				34C4F0902AFE0E9600475E45 /* LaunchScreen.storyboard in Resources */,
				34C4F08D2AFE0E9600475E45 /* Assets.xcassets in Resources */,
				34C4F08B2AFE0E9500475E45 /* Main.storyboard in Resources */,
				342ABDD82B00B7DF00A975A6 /* PageNoCell.xib in Resources */,
				3413B4362B0103B5009ECDFB /* OverviewCell.xib in Resources */,
				3413B4292B00DA92009ECDFB /* MovieCell.xib in Resources */,
				3413B43E2B0105F4009ECDFB /* GenreCell.xib in Resources */,
				3413B4312B0102C5009ECDFB /* Detail.storyboard in Resources */,
				3413B43A2B0103F0009ECDFB /* HeaderViewCell.xib in Resources */,
			);
			runOnlyForDeploymentPostprocessing = 0;
		};
/* End PBXResourcesBuildPhase section */

/* Begin PBXShellScriptBuildPhase section */
		D8BBAAA087F96EB0D93014B6 /* [CP] Embed Pods Frameworks */ = {
			isa = PBXShellScriptBuildPhase;
			buildActionMask = 2147483647;
			files = (
			);
			inputFileListPaths = (
				"${PODS_ROOT}/Target Support Files/Pods-MovieApp/Pods-MovieApp-frameworks-${CONFIGURATION}-input-files.xcfilelist",
			);
			name = "[CP] Embed Pods Frameworks";
			outputFileListPaths = (
				"${PODS_ROOT}/Target Support Files/Pods-MovieApp/Pods-MovieApp-frameworks-${CONFIGURATION}-output-files.xcfilelist",
			);
			runOnlyForDeploymentPostprocessing = 0;
			shellPath = /bin/sh;
			shellScript = "\"${PODS_ROOT}/Target Support Files/Pods-MovieApp/Pods-MovieApp-frameworks.sh\"\n";
			showEnvVarsInLog = 0;
		};
		E208BE2318BBA3D0D40D5F19 /* [CP] Check Pods Manifest.lock */ = {
			isa = PBXShellScriptBuildPhase;
			buildActionMask = 2147483647;
			files = (
			);
			inputFileListPaths = (
			);
			inputPaths = (
				"${PODS_PODFILE_DIR_PATH}/Podfile.lock",
				"${PODS_ROOT}/Manifest.lock",
			);
			name = "[CP] Check Pods Manifest.lock";
			outputFileListPaths = (
			);
			outputPaths = (
				"$(DERIVED_FILE_DIR)/Pods-MovieApp-checkManifestLockResult.txt",
			);
			runOnlyForDeploymentPostprocessing = 0;
			shellPath = /bin/sh;
			shellScript = "diff \"${PODS_PODFILE_DIR_PATH}/Podfile.lock\" \"${PODS_ROOT}/Manifest.lock\" > /dev/null\nif [ $? != 0 ] ; then\n    # print error to STDERR\n    echo \"error: The sandbox is not in sync with the Podfile.lock. Run 'pod install' or update your CocoaPods installation.\" >&2\n    exit 1\nfi\n# This output is used by Xcode 'outputs' to avoid re-running this script phase.\necho \"SUCCESS\" > \"${SCRIPT_OUTPUT_FILE_0}\"\n";
			showEnvVarsInLog = 0;
		};
/* End PBXShellScriptBuildPhase section */

/* Begin PBXSourcesBuildPhase section */
		34C4F07C2AFE0E9500475E45 /* Sources */ = {
			isa = PBXSourcesBuildPhase;
			buildActionMask = 2147483647;
			files = (
				3413B4992B01F0C6009ECDFB /* UIViewController.swift in Sources */,
				342ABDBF2B00A7FC00A975A6 /* Notification+Name.swift in Sources */,
				34C6A41E2AFE128F00C20A8C /* UIView.swift in Sources */,
				3413B42F2B01004D009ECDFB /* DetailResponse.swift in Sources */,
				34C4F0882AFE0E9500475E45 /* MovieListViewController.swift in Sources */,
				3413B4402B01068D009ECDFB /* AlignedCollectionViewFlowLayout.swift in Sources */,
				3413B4352B0103B5009ECDFB /* OverviewCell.swift in Sources */,
				34C4F0842AFE0E9500475E45 /* AppDelegate.swift in Sources */,
				342ABDC92B00AC4000A975A6 /* BaseResponse.swift in Sources */,
				342ABDC52B00ABA600A975A6 /* MovieListResponse.swift in Sources */,
				34C6A42A2AFE12A600C20A8C /* UITableViewCell.swift in Sources */,
				34C6A4202AFE129500C20A8C /* UIColor.swift in Sources */,
				34C6A4282AFE12A600C20A8C /* String.swift in Sources */,
				342ABDE32B00C28B00A975A6 /* BaseViewController.swift in Sources */,
				3413B4242B00DA4A009ECDFB /* LocalStorage.swift in Sources */,
				34C6A4142AFE113300C20A8C /* NetworkService.swift in Sources */,
				34C6A41B2AFE121B00C20A8C /* Constants.swift in Sources */,
				3413B4982B01F0C6009ECDFB /* UIImageView.swift in Sources */,
				34C6A4292AFE12A600C20A8C /* UITableView.swift in Sources */,
				3413B42D2B00FE44009ECDFB /* DetailViewController.swift in Sources */,
				3413B4222B00DA42009ECDFB /* Utility.swift in Sources */,
				3413B4282B00DA92009ECDFB /* MovieCell.swift in Sources */,
				34C6A4192AFE121000C20A8C /* AppStoryboard.swift in Sources */,
				3413B4392B0103F0009ECDFB /* HeaderViewCell.swift in Sources */,
				342ABDD72B00B7DF00A975A6 /* PageNoCell.swift in Sources */,
				3413B43D2B0105F4009ECDFB /* GenreCell.swift in Sources */,
				342ABDCB2B00AC4000A975A6 /* Dates.swift in Sources */,
				34C4F0862AFE0E9500475E45 /* SceneDelegate.swift in Sources */,
				342ABDCA2B00AC4000A975A6 /* Movie.swift in Sources */,
			);
			runOnlyForDeploymentPostprocessing = 0;
		};
/* End PBXSourcesBuildPhase section */

/* Begin PBXVariantGroup section */
		34C4F0892AFE0E9500475E45 /* Main.storyboard */ = {
			isa = PBXVariantGroup;
			children = (
				34C4F08A2AFE0E9500475E45 /* Base */,
			);
			name = Main.storyboard;
			sourceTree = "<group>";
		};
		34C4F08E2AFE0E9600475E45 /* LaunchScreen.storyboard */ = {
			isa = PBXVariantGroup;
			children = (
				34C4F08F2AFE0E9600475E45 /* Base */,
			);
			name = LaunchScreen.storyboard;
			sourceTree = "<group>";
		};
/* End PBXVariantGroup section */

/* Begin XCBuildConfiguration section */
		34C4F0922AFE0E9600475E45 /* Debug */ = {
			isa = XCBuildConfiguration;
			buildSettings = {
				ALWAYS_SEARCH_USER_PATHS = NO;
				CLANG_ANALYZER_NONNULL = YES;
				CLANG_ANALYZER_NUMBER_OBJECT_CONVERSION = YES_AGGRESSIVE;
				CLANG_CXX_LANGUAGE_STANDARD = "gnu++20";
				CLANG_ENABLE_MODULES = YES;
				CLANG_ENABLE_OBJC_ARC = YES;
				CLANG_ENABLE_OBJC_WEAK = YES;
				CLANG_WARN_BLOCK_CAPTURE_AUTORELEASING = YES;
				CLANG_WARN_BOOL_CONVERSION = YES;
				CLANG_WARN_COMMA = YES;
				CLANG_WARN_CONSTANT_CONVERSION = YES;
				CLANG_WARN_DEPRECATED_OBJC_IMPLEMENTATIONS = YES;
				CLANG_WARN_DIRECT_OBJC_ISA_USAGE = YES_ERROR;
				CLANG_WARN_DOCUMENTATION_COMMENTS = YES;
				CLANG_WARN_EMPTY_BODY = YES;
				CLANG_WARN_ENUM_CONVERSION = YES;
				CLANG_WARN_INFINITE_RECURSION = YES;
				CLANG_WARN_INT_CONVERSION = YES;
				CLANG_WARN_NON_LITERAL_NULL_CONVERSION = YES;
				CLANG_WARN_OBJC_IMPLICIT_RETAIN_SELF = YES;
				CLANG_WARN_OBJC_LITERAL_CONVERSION = YES;
				CLANG_WARN_OBJC_ROOT_CLASS = YES_ERROR;
				CLANG_WARN_QUOTED_INCLUDE_IN_FRAMEWORK_HEADER = YES;
				CLANG_WARN_RANGE_LOOP_ANALYSIS = YES;
				CLANG_WARN_STRICT_PROTOTYPES = YES;
				CLANG_WARN_SUSPICIOUS_MOVE = YES;
				CLANG_WARN_UNGUARDED_AVAILABILITY = YES_AGGRESSIVE;
				CLANG_WARN_UNREACHABLE_CODE = YES;
				CLANG_WARN__DUPLICATE_METHOD_MATCH = YES;
				COPY_PHASE_STRIP = NO;
				DEBUG_INFORMATION_FORMAT = dwarf;
				ENABLE_STRICT_OBJC_MSGSEND = YES;
				ENABLE_TESTABILITY = YES;
				GCC_C_LANGUAGE_STANDARD = gnu11;
				GCC_DYNAMIC_NO_PIC = NO;
				GCC_NO_COMMON_BLOCKS = YES;
				GCC_OPTIMIZATION_LEVEL = 0;
				GCC_PREPROCESSOR_DEFINITIONS = (
					"DEBUG=1",
					"$(inherited)",
				);
				GCC_WARN_64_TO_32_BIT_CONVERSION = YES;
				GCC_WARN_ABOUT_RETURN_TYPE = YES_ERROR;
				GCC_WARN_UNDECLARED_SELECTOR = YES;
				GCC_WARN_UNINITIALIZED_AUTOS = YES_AGGRESSIVE;
				GCC_WARN_UNUSED_FUNCTION = YES;
				GCC_WARN_UNUSED_VARIABLE = YES;
				IPHONEOS_DEPLOYMENT_TARGET = 16.4;
				MTL_ENABLE_DEBUG_INFO = INCLUDE_SOURCE;
				MTL_FAST_MATH = YES;
				ONLY_ACTIVE_ARCH = YES;
				SDKROOT = iphoneos;
				SWIFT_ACTIVE_COMPILATION_CONDITIONS = DEBUG;
				SWIFT_OPTIMIZATION_LEVEL = "-Onone";
			};
			name = Debug;
		};
		34C4F0932AFE0E9600475E45 /* Release */ = {
			isa = XCBuildConfiguration;
			buildSettings = {
				ALWAYS_SEARCH_USER_PATHS = NO;
				CLANG_ANALYZER_NONNULL = YES;
				CLANG_ANALYZER_NUMBER_OBJECT_CONVERSION = YES_AGGRESSIVE;
				CLANG_CXX_LANGUAGE_STANDARD = "gnu++20";
				CLANG_ENABLE_MODULES = YES;
				CLANG_ENABLE_OBJC_ARC = YES;
				CLANG_ENABLE_OBJC_WEAK = YES;
				CLANG_WARN_BLOCK_CAPTURE_AUTORELEASING = YES;
				CLANG_WARN_BOOL_CONVERSION = YES;
				CLANG_WARN_COMMA = YES;
				CLANG_WARN_CONSTANT_CONVERSION = YES;
				CLANG_WARN_DEPRECATED_OBJC_IMPLEMENTATIONS = YES;
				CLANG_WARN_DIRECT_OBJC_ISA_USAGE = YES_ERROR;
				CLANG_WARN_DOCUMENTATION_COMMENTS = YES;
				CLANG_WARN_EMPTY_BODY = YES;
				CLANG_WARN_ENUM_CONVERSION = YES;
				CLANG_WARN_INFINITE_RECURSION = YES;
				CLANG_WARN_INT_CONVERSION = YES;
				CLANG_WARN_NON_LITERAL_NULL_CONVERSION = YES;
				CLANG_WARN_OBJC_IMPLICIT_RETAIN_SELF = YES;
				CLANG_WARN_OBJC_LITERAL_CONVERSION = YES;
				CLANG_WARN_OBJC_ROOT_CLASS = YES_ERROR;
				CLANG_WARN_QUOTED_INCLUDE_IN_FRAMEWORK_HEADER = YES;
				CLANG_WARN_RANGE_LOOP_ANALYSIS = YES;
				CLANG_WARN_STRICT_PROTOTYPES = YES;
				CLANG_WARN_SUSPICIOUS_MOVE = YES;
				CLANG_WARN_UNGUARDED_AVAILABILITY = YES_AGGRESSIVE;
				CLANG_WARN_UNREACHABLE_CODE = YES;
				CLANG_WARN__DUPLICATE_METHOD_MATCH = YES;
				COPY_PHASE_STRIP = NO;
				DEBUG_INFORMATION_FORMAT = "dwarf-with-dsym";
				ENABLE_NS_ASSERTIONS = NO;
				ENABLE_STRICT_OBJC_MSGSEND = YES;
				GCC_C_LANGUAGE_STANDARD = gnu11;
				GCC_NO_COMMON_BLOCKS = YES;
				GCC_WARN_64_TO_32_BIT_CONVERSION = YES;
				GCC_WARN_ABOUT_RETURN_TYPE = YES_ERROR;
				GCC_WARN_UNDECLARED_SELECTOR = YES;
				GCC_WARN_UNINITIALIZED_AUTOS = YES_AGGRESSIVE;
				GCC_WARN_UNUSED_FUNCTION = YES;
				GCC_WARN_UNUSED_VARIABLE = YES;
				IPHONEOS_DEPLOYMENT_TARGET = 16.4;
				MTL_ENABLE_DEBUG_INFO = NO;
				MTL_FAST_MATH = YES;
				SDKROOT = iphoneos;
				SWIFT_COMPILATION_MODE = wholemodule;
				SWIFT_OPTIMIZATION_LEVEL = "-O";
				VALIDATE_PRODUCT = YES;
			};
			name = Release;
		};
		34C4F0952AFE0E9600475E45 /* Debug */ = {
			isa = XCBuildConfiguration;
			baseConfigurationReference = 843E09A83E3D7F6FD528C261 /* Pods-MovieApp.debug.xcconfig */;
			buildSettings = {
				ASSETCATALOG_COMPILER_APPICON_NAME = AppIcon;
				ASSETCATALOG_COMPILER_GLOBAL_ACCENT_COLOR_NAME = AccentColor;
				CODE_SIGN_STYLE = Automatic;
				CURRENT_PROJECT_VERSION = 1;
				GENERATE_INFOPLIST_FILE = YES;
				INFOPLIST_FILE = MovieApp/Info.plist;
				INFOPLIST_KEY_UIApplicationSupportsIndirectInputEvents = YES;
				INFOPLIST_KEY_UILaunchStoryboardName = LaunchScreen;
				INFOPLIST_KEY_UIMainStoryboardFile = Main;
				INFOPLIST_KEY_UISupportedInterfaceOrientations_iPad = "UIInterfaceOrientationPortrait UIInterfaceOrientationPortraitUpsideDown UIInterfaceOrientationLandscapeLeft UIInterfaceOrientationLandscapeRight";
				INFOPLIST_KEY_UISupportedInterfaceOrientations_iPhone = "UIInterfaceOrientationPortrait UIInterfaceOrientationLandscapeLeft UIInterfaceOrientationLandscapeRight";
				LD_RUNPATH_SEARCH_PATHS = (
					"$(inherited)",
					"@executable_path/Frameworks",
				);
				MARKETING_VERSION = 1.0;
				PRODUCT_BUNDLE_IDENTIFIER = com.waiyan.codetest.MovieApp;
				PRODUCT_NAME = "$(TARGET_NAME)";
				SWIFT_EMIT_LOC_STRINGS = YES;
				SWIFT_VERSION = 5.0;
				TARGETED_DEVICE_FAMILY = "1,2";
			};
			name = Debug;
		};
		34C4F0962AFE0E9600475E45 /* Release */ = {
			isa = XCBuildConfiguration;
			baseConfigurationReference = 357BB854B5AFD9299AA5F870 /* Pods-MovieApp.release.xcconfig */;
			buildSettings = {
				ASSETCATALOG_COMPILER_APPICON_NAME = AppIcon;
				ASSETCATALOG_COMPILER_GLOBAL_ACCENT_COLOR_NAME = AccentColor;
				CODE_SIGN_STYLE = Automatic;
				CURRENT_PROJECT_VERSION = 1;
				GENERATE_INFOPLIST_FILE = YES;
				INFOPLIST_FILE = MovieApp/Info.plist;
				INFOPLIST_KEY_UIApplicationSupportsIndirectInputEvents = YES;
				INFOPLIST_KEY_UILaunchStoryboardName = LaunchScreen;
				INFOPLIST_KEY_UIMainStoryboardFile = Main;
				INFOPLIST_KEY_UISupportedInterfaceOrientations_iPad = "UIInterfaceOrientationPortrait UIInterfaceOrientationPortraitUpsideDown UIInterfaceOrientationLandscapeLeft UIInterfaceOrientationLandscapeRight";
				INFOPLIST_KEY_UISupportedInterfaceOrientations_iPhone = "UIInterfaceOrientationPortrait UIInterfaceOrientationLandscapeLeft UIInterfaceOrientationLandscapeRight";
				LD_RUNPATH_SEARCH_PATHS = (
					"$(inherited)",
					"@executable_path/Frameworks",
				);
				MARKETING_VERSION = 1.0;
				PRODUCT_BUNDLE_IDENTIFIER = com.waiyan.codetest.MovieApp;
				PRODUCT_NAME = "$(TARGET_NAME)";
				SWIFT_EMIT_LOC_STRINGS = YES;
				SWIFT_VERSION = 5.0;
				TARGETED_DEVICE_FAMILY = "1,2";
			};
			name = Release;
		};
/* End XCBuildConfiguration section */

/* Begin XCConfigurationList section */
		34C4F07B2AFE0E9500475E45 /* Build configuration list for PBXProject "MovieApp" */ = {
			isa = XCConfigurationList;
			buildConfigurations = (
				34C4F0922AFE0E9600475E45 /* Debug */,
				34C4F0932AFE0E9600475E45 /* Release */,
			);
			defaultConfigurationIsVisible = 0;
			defaultConfigurationName = Release;
		};
		34C4F0942AFE0E9600475E45 /* Build configuration list for PBXNativeTarget "MovieApp" */ = {
			isa = XCConfigurationList;
			buildConfigurations = (
				34C4F0952AFE0E9600475E45 /* Debug */,
				34C4F0962AFE0E9600475E45 /* Release */,
			);
			defaultConfigurationIsVisible = 0;
			defaultConfigurationName = Release;
		};
/* End XCConfigurationList section */
	};
	rootObject = 34C4F0782AFE0E9500475E45 /* Project object */;
}
